
Microsoft Visual Studio Solution File, Format Version 12.00
# Visual Studio Version 17
VisualStudioVersion = 17.10.35122.118
MinimumVisualStudioVersion = 10.0.40219.1
Project("{FAE04EC0-301F-11D3-BF4B-00C04F79EFBC}") = "NEA PROJECT", "NEA PROJECT.csproj", "{DDA52228-DE34-437D-B719-495CBC088AA1}"
EndProject
Global
	GlobalSection(SolutionConfigurationPlatforms) = preSolution
		Debug|Any CPU = Debug|Any CPU
		Release|Any CPU = Release|Any CPU
	EndGlobalSection
	GlobalSection(ProjectConfigurationPlatforms) = postSolution
		{DDA52228-DE34-437D-B719-495CBC088AA1}.Debug|Any CPU.ActiveCfg = Debug|Any CPU
		{DDA52228-DE34-437D-B719-495CBC088AA1}.Debug|Any CPU.Build.0 = Debug|Any CPU
		{DDA52228-DE34-437D-B719-495CBC088AA1}.Release|Any CPU.ActiveCfg = Release|Any CPU
		{DDA52228-DE34-437D-B719-495CBC088AA1}.Release|Any CPU.Build.0 = Release|Any CPU
	EndGlobalSection
	GlobalSection(SolutionProperties) = preSolution
		HideSolutionNode = FALSE
	EndGlobalSection
	GlobalSection(ExtensibilityGlobals) = postSolution
		SolutionGuid = {258AFA9F-D71F-4C39-92DB-CFD5B5961407}
	EndGlobalSection
EndGlobal
